
Microsoft Visual Studio Solution File, Format Version 12.00
# Visual Studio Version 16
VisualStudioVersion = 16.0.30011.22
MinimumVisualStudioVersion = 10.0.40219.1
Project("{9A19103F-16F7-4668-BE54-9A1E7A4F7556}") = "AskQ", "AskQ\AskQ.csproj", "{2E41D2AC-B803-4D8B-B4C7-885BE708E629}"
EndProject
Project("{2150E333-8FDC-42A3-9474-1A3956D46DE8}") = "Solution Items", "Solution Items", "{DB0AD294-A4D8-4D8F-8812-FFB3FFD9180B}"
	ProjectSection(SolutionItems) = preProject
		.editorconfig = .editorconfig
	EndProjectSection
EndProject
Project("{9A19103F-16F7-4668-BE54-9A1E7A4F7556}") = "AskQ.Core", "AskQ.Core\AskQ.Core.csproj", "{DF1A6211-3F27-42A2-AD03-B8EF2F04D3C7}"
EndProject
Project("{FAE04EC0-301F-11D3-BF4B-00C04F79EFBC}") = "AskQ.Infrastructure", "AskQ.Infrastructure\AskQ.Infrastructure.csproj", "{17E5C4FC-DEDE-4992-9DD1-10F91B91DC4C}"
EndProject
Global
	GlobalSection(SolutionConfigurationPlatforms) = preSolution
		Debug|Any CPU = Debug|Any CPU
		Release|Any CPU = Release|Any CPU
	EndGlobalSection
	GlobalSection(ProjectConfigurationPlatforms) = postSolution
		{2E41D2AC-B803-4D8B-B4C7-885BE708E629}.Debug|Any CPU.ActiveCfg = Debug|Any CPU
		{2E41D2AC-B803-4D8B-B4C7-885BE708E629}.Debug|Any CPU.Build.0 = Debug|Any CPU
		{2E41D2AC-B803-4D8B-B4C7-885BE708E629}.Release|Any CPU.ActiveCfg = Release|Any CPU
		{2E41D2AC-B803-4D8B-B4C7-885BE708E629}.Release|Any CPU.Build.0 = Release|Any CPU
		{DF1A6211-3F27-42A2-AD03-B8EF2F04D3C7}.Debug|Any CPU.ActiveCfg = Debug|Any CPU
		{DF1A6211-3F27-42A2-AD03-B8EF2F04D3C7}.Debug|Any CPU.Build.0 = Debug|Any CPU
		{DF1A6211-3F27-42A2-AD03-B8EF2F04D3C7}.Release|Any CPU.ActiveCfg = Release|Any CPU
		{DF1A6211-3F27-42A2-AD03-B8EF2F04D3C7}.Release|Any CPU.Build.0 = Release|Any CPU
		{17E5C4FC-DEDE-4992-9DD1-10F91B91DC4C}.Debug|Any CPU.ActiveCfg = Debug|Any CPU
		{17E5C4FC-DEDE-4992-9DD1-10F91B91DC4C}.Debug|Any CPU.Build.0 = Debug|Any CPU
		{17E5C4FC-DEDE-4992-9DD1-10F91B91DC4C}.Release|Any CPU.ActiveCfg = Release|Any CPU
		{17E5C4FC-DEDE-4992-9DD1-10F91B91DC4C}.Release|Any CPU.Build.0 = Release|Any CPU
	EndGlobalSection
	GlobalSection(SolutionProperties) = preSolution
		HideSolutionNode = FALSE
	EndGlobalSection
	GlobalSection(ExtensibilityGlobals) = postSolution
		SolutionGuid = {98307847-4AB9-4B6C-A306-E014A70E5083}
	EndGlobalSection
EndGlobal
